{
  "name": "@author.io/karma-customelements",
  "version": "1.0.3",
  "lockfileVersion": 1,
  "requires": true,
  "dependencies": {
    "@author.io/karma-base": {
      "version": "1.0.3",
      "resolved": "https://registry.npmjs.org/@author.io/karma-base/-/karma-base-1.0.3.tgz",
      "integrity": "sha512-lQi4LyLJduGCFjjGV4r8FK8MhnqJgAR1ROO/8eS0KvOaoFTL6z8DXkIUNphPWwmMR+HEBa0IBmr4iso68my23Q==",
      "requires": {
        "@author.io/karma-base": "^1.0.2"
      }
    }
  }
}
